{
  "name": "app1",
  "version": "1.0.0",
  "lockfileVersion": 3,
  "requires": true,
  "packages": {
    "": {
      "name": "app1",
      "version": "1.0.0",
      "devDependencies": {
        "publish-microfrontend": "^1.6.2"
      }
    },
    "node_modules/publish-microfrontend": {
      "version": "1.6.2",
      "resolved": "https://registry.npmjs.org/publish-microfrontend/-/publish-microfrontend-1.6.2.tgz",
      "integrity": "sha512-uaRoyfOjdBH+STT6r1buNhpGQemDSrXePdApU/0ARg7TFGffjjRoyKoNuIUqE4zDr1BUCvAK0SLSHnutR3sjgg==",
      "dev": true,
      "bin": {
        "publish-microfrontend": "lib/index.js"
      },
      "engines": {
        "node": ">=16.0.0"
      },
      "funding": {
        "type": "github",
        "url": "https://github.com/sponsors/smapiot"
      }
    }
  }
}
